// !$*UTF8*$!
{
	archiveVersion = 1;
	classes = {
	};
	objectVersion = 51;
	objects = {

/* Begin PBXBuildFile section */
		7E157DED22C3471900805FD5 /* GTDetailViewController.m in Sources */ = {isa = PBXBuildFile; fileRef = 7E157DEC22C3471900805FD5 /* GTDetailViewController.m */; };
		7E157DF022C4CAE800805FD5 /* GTDeleteCellView.m in Sources */ = {isa = PBXBuildFile; fileRef = 7E157DEF22C4CAE800805FD5 /* GTDeleteCellView.m */; };
		7E1BA88622A8B1A500262010 /* GTVideoViewController.m in Sources */ = {isa = PBXBuildFile; fileRef = 7E1BA88522A8B1A500262010 /* GTVideoViewController.m */; };
		7E1BA8CD22AE35FB00262010 /* GTRecommendViewController.m in Sources */ = {isa = PBXBuildFile; fileRef = 7E1BA8CC22AE35FB00262010 /* GTRecommendViewController.m */; };
		7E1BA8D022B0E0A800262010 /* GTNormalTableViewCell.m in Sources */ = {isa = PBXBuildFile; fileRef = 7E1BA8CF22B0E0A800262010 /* GTNormalTableViewCell.m */; };
		7E2D95BB22CCAB610076227F /* GTVideoCoverView.m in Sources */ = {isa = PBXBuildFile; fileRef = 7E2D95BA22CCAB610076227F /* GTVideoCoverView.m */; };
		7E44796122C9BB0D009B42F3 /* GTListLoader.m in Sources */ = {isa = PBXBuildFile; fileRef = 7E44796022C9BB0D009B42F3 /* GTListLoader.m */; };
		7E44796A22CB0D1C009B42F3 /* GTListItem.m in Sources */ = {isa = PBXBuildFile; fileRef = 7E44796922CB0D1C009B42F3 /* GTListItem.m */; };
		7E615F0F2302FA0100B5F933 /* GTLocation.m in Sources */ = {isa = PBXBuildFile; fileRef = 7E615F0E2302FA0100B5F933 /* GTLocation.m */; };
		7E615F122303A29500B5F933 /* GTNotification.m in Sources */ = {isa = PBXBuildFile; fileRef = 7E615F112303A29500B5F933 /* GTNotification.m */; };
		7E7CBD77229E9F4A008DC9B5 /* AppDelegate.m in Sources */ = {isa = PBXBuildFile; fileRef = 7E7CBD76229E9F4A008DC9B5 /* AppDelegate.m */; };
		7E7CBD7A229E9F4A008DC9B5 /* GTNewsViewController.m in Sources */ = {isa = PBXBuildFile; fileRef = 7E7CBD79229E9F4A008DC9B5 /* GTNewsViewController.m */; };
		7E7CBD7F229E9F4D008DC9B5 /* Assets.xcassets in Resources */ = {isa = PBXBuildFile; fileRef = 7E7CBD7E229E9F4D008DC9B5 /* Assets.xcassets */; };
		7E7CBD82229E9F4D008DC9B5 /* LaunchScreen.storyboard in Resources */ = {isa = PBXBuildFile; fileRef = 7E7CBD80229E9F4D008DC9B5 /* LaunchScreen.storyboard */; };
		7E7CBD85229E9F4D008DC9B5 /* main.m in Sources */ = {isa = PBXBuildFile; fileRef = 7E7CBD84229E9F4D008DC9B5 /* main.m */; };
		7E7CBD9022A101E0008DC9B5 /* icon.bundle in Resources */ = {isa = PBXBuildFile; fileRef = 7E7CBD8F22A101E0008DC9B5 /* icon.bundle */; };
		7E915AE822E93E6D0005B18D /* GTVideoPlayer.m in Sources */ = {isa = PBXBuildFile; fileRef = 7E915AE722E93E6D0005B18D /* GTVideoPlayer.m */; };
		7E915AEB22E9833A0005B18D /* GTVideoToolbar.m in Sources */ = {isa = PBXBuildFile; fileRef = 7E915AEA22E9833A0005B18D /* GTVideoToolbar.m */; };
		A0F13F20A23B29FD19BC10D5 /* Pods_YZCoderLearn.framework in Frameworks */ = {isa = PBXBuildFile; fileRef = 83805D071BC85BAB3A5ED5C5 /* Pods_YZCoderLearn.framework */; };
/* End PBXBuildFile section */

/* Begin PBXFileReference section */
		5B8A5FDDF04E62A70BF40FE0 /* Pods-YZCoderLearn.release.xcconfig */ = {isa = PBXFileReference; includeInIndex = 1; lastKnownFileType = text.xcconfig; name = "Pods-YZCoderLearn.release.xcconfig"; path = "Target Support Files/Pods-YZCoderLearn/Pods-YZCoderLearn.release.xcconfig"; sourceTree = "<group>"; };
		7355840BFA2DA2D7974CCB35 /* Pods-YZCoderLearn.debug.xcconfig */ = {isa = PBXFileReference; includeInIndex = 1; lastKnownFileType = text.xcconfig; name = "Pods-YZCoderLearn.debug.xcconfig"; path = "Target Support Files/Pods-YZCoderLearn/Pods-YZCoderLearn.debug.xcconfig"; sourceTree = "<group>"; };
		7E157DEB22C3471900805FD5 /* GTDetailViewController.h */ = {isa = PBXFileReference; lastKnownFileType = sourcecode.c.h; path = GTDetailViewController.h; sourceTree = "<group>"; };
		7E157DEC22C3471900805FD5 /* GTDetailViewController.m */ = {isa = PBXFileReference; lastKnownFileType = sourcecode.c.objc; path = GTDetailViewController.m; sourceTree = "<group>"; };
		7E157DEE22C4CAE800805FD5 /* GTDeleteCellView.h */ = {isa = PBXFileReference; lastKnownFileType = sourcecode.c.h; path = GTDeleteCellView.h; sourceTree = "<group>"; };
		7E157DEF22C4CAE800805FD5 /* GTDeleteCellView.m */ = {isa = PBXFileReference; lastKnownFileType = sourcecode.c.objc; path = GTDeleteCellView.m; sourceTree = "<group>"; };
		7E1BA88422A8B1A500262010 /* GTVideoViewController.h */ = {isa = PBXFileReference; lastKnownFileType = sourcecode.c.h; path = GTVideoViewController.h; sourceTree = "<group>"; };
		7E1BA88522A8B1A500262010 /* GTVideoViewController.m */ = {isa = PBXFileReference; lastKnownFileType = sourcecode.c.objc; path = GTVideoViewController.m; sourceTree = "<group>"; };
		7E1BA8CB22AE35FB00262010 /* GTRecommendViewController.h */ = {isa = PBXFileReference; lastKnownFileType = sourcecode.c.h; path = GTRecommendViewController.h; sourceTree = "<group>"; };
		7E1BA8CC22AE35FB00262010 /* GTRecommendViewController.m */ = {isa = PBXFileReference; lastKnownFileType = sourcecode.c.objc; path = GTRecommendViewController.m; sourceTree = "<group>"; };
		7E1BA8CE22B0E0A800262010 /* GTNormalTableViewCell.h */ = {isa = PBXFileReference; lastKnownFileType = sourcecode.c.h; path = GTNormalTableViewCell.h; sourceTree = "<group>"; };
		7E1BA8CF22B0E0A800262010 /* GTNormalTableViewCell.m */ = {isa = PBXFileReference; lastKnownFileType = sourcecode.c.objc; path = GTNormalTableViewCell.m; sourceTree = "<group>"; };
		7E2D95B922CCAB610076227F /* GTVideoCoverView.h */ = {isa = PBXFileReference; lastKnownFileType = sourcecode.c.h; path = GTVideoCoverView.h; sourceTree = "<group>"; };
		7E2D95BA22CCAB610076227F /* GTVideoCoverView.m */ = {isa = PBXFileReference; lastKnownFileType = sourcecode.c.objc; path = GTVideoCoverView.m; sourceTree = "<group>"; };
		7E44795F22C9BB0D009B42F3 /* GTListLoader.h */ = {isa = PBXFileReference; lastKnownFileType = sourcecode.c.h; path = GTListLoader.h; sourceTree = "<group>"; };
		7E44796022C9BB0D009B42F3 /* GTListLoader.m */ = {isa = PBXFileReference; lastKnownFileType = sourcecode.c.objc; path = GTListLoader.m; sourceTree = "<group>"; };
		7E44796822CB0D1C009B42F3 /* GTListItem.h */ = {isa = PBXFileReference; lastKnownFileType = sourcecode.c.h; path = GTListItem.h; sourceTree = "<group>"; };
		7E44796922CB0D1C009B42F3 /* GTListItem.m */ = {isa = PBXFileReference; lastKnownFileType = sourcecode.c.objc; path = GTListItem.m; sourceTree = "<group>"; };
		7E615F0D2302FA0100B5F933 /* GTLocation.h */ = {isa = PBXFileReference; lastKnownFileType = sourcecode.c.h; path = GTLocation.h; sourceTree = "<group>"; };
		7E615F0E2302FA0100B5F933 /* GTLocation.m */ = {isa = PBXFileReference; lastKnownFileType = sourcecode.c.objc; path = GTLocation.m; sourceTree = "<group>"; };
		7E615F102303A29500B5F933 /* GTNotification.h */ = {isa = PBXFileReference; lastKnownFileType = sourcecode.c.h; path = GTNotification.h; sourceTree = "<group>"; };
		7E615F112303A29500B5F933 /* GTNotification.m */ = {isa = PBXFileReference; lastKnownFileType = sourcecode.c.objc; path = GTNotification.m; sourceTree = "<group>"; };
		7E7CBD72229E9F4A008DC9B5 /* YZCoderLearn.app */ = {isa = PBXFileReference; explicitFileType = wrapper.application; includeInIndex = 0; path = YZCoderLearn.app; sourceTree = BUILT_PRODUCTS_DIR; };
		7E7CBD75229E9F4A008DC9B5 /* AppDelegate.h */ = {isa = PBXFileReference; lastKnownFileType = sourcecode.c.h; path = AppDelegate.h; sourceTree = "<group>"; };
		7E7CBD76229E9F4A008DC9B5 /* AppDelegate.m */ = {isa = PBXFileReference; lastKnownFileType = sourcecode.c.objc; path = AppDelegate.m; sourceTree = "<group>"; };
		7E7CBD78229E9F4A008DC9B5 /* GTNewsViewController.h */ = {isa = PBXFileReference; lastKnownFileType = sourcecode.c.h; path = GTNewsViewController.h; sourceTree = "<group>"; };
		7E7CBD79229E9F4A008DC9B5 /* GTNewsViewController.m */ = {isa = PBXFileReference; lastKnownFileType = sourcecode.c.objc; path = GTNewsViewController.m; sourceTree = "<group>"; };
		7E7CBD7E229E9F4D008DC9B5 /* Assets.xcassets */ = {isa = PBXFileReference; lastKnownFileType = folder.assetcatalog; path = Assets.xcassets; sourceTree = "<group>"; };
		7E7CBD81229E9F4D008DC9B5 /* Base */ = {isa = PBXFileReference; lastKnownFileType = file.storyboard; name = Base; path = Base.lproj/LaunchScreen.storyboard; sourceTree = "<group>"; };
		7E7CBD83229E9F4D008DC9B5 /* Info.plist */ = {isa = PBXFileReference; lastKnownFileType = text.plist.xml; path = Info.plist; sourceTree = "<group>"; };
		7E7CBD84229E9F4D008DC9B5 /* main.m */ = {isa = PBXFileReference; lastKnownFileType = sourcecode.c.objc; path = main.m; sourceTree = "<group>"; };
		7E7CBD8F22A101E0008DC9B5 /* icon.bundle */ = {isa = PBXFileReference; lastKnownFileType = "wrapper.plug-in"; path = icon.bundle; sourceTree = "<group>"; };
		7E915AE622E93E6D0005B18D /* GTVideoPlayer.h */ = {isa = PBXFileReference; lastKnownFileType = sourcecode.c.h; path = GTVideoPlayer.h; sourceTree = "<group>"; };
		7E915AE722E93E6D0005B18D /* GTVideoPlayer.m */ = {isa = PBXFileReference; lastKnownFileType = sourcecode.c.objc; path = GTVideoPlayer.m; sourceTree = "<group>"; };
		7E915AE922E9833A0005B18D /* GTVideoToolbar.h */ = {isa = PBXFileReference; lastKnownFileType = sourcecode.c.h; path = GTVideoToolbar.h; sourceTree = "<group>"; };
		7E915AEA22E9833A0005B18D /* GTVideoToolbar.m */ = {isa = PBXFileReference; lastKnownFileType = sourcecode.c.objc; path = GTVideoToolbar.m; sourceTree = "<group>"; };
		83805D071BC85BAB3A5ED5C5 /* Pods_YZCoderLearn.framework */ = {isa = PBXFileReference; explicitFileType = wrapper.framework; includeInIndex = 0; path = Pods_YZCoderLearn.framework; sourceTree = BUILT_PRODUCTS_DIR; };
/* End PBXFileReference section */

/* Begin PBXFrameworksBuildPhase section */
		7E7CBD6F229E9F4A008DC9B5 /* Frameworks */ = {
			isa = PBXFrameworksBuildPhase;
			buildActionMask = 2147483647;
			files = (
				A0F13F20A23B29FD19BC10D5 /* Pods_YZCoderLearn.framework in Frameworks */,
			);
			runOnlyForDeploymentPostprocessing = 0;
		};
/* End PBXFrameworksBuildPhase section */

/* Begin PBXGroup section */
		295308C199A52C822AE30685 /* Pods */ = {
			isa = PBXGroup;
			children = (
				7355840BFA2DA2D7974CCB35 /* Pods-YZCoderLearn.debug.xcconfig */,
				5B8A5FDDF04E62A70BF40FE0 /* Pods-YZCoderLearn.release.xcconfig */,
			);
			path = Pods;
			sourceTree = "<group>";
		};
		3AFE1596C2F8BB855D4F9CB4 /* Frameworks */ = {
			isa = PBXGroup;
			children = (
				83805D071BC85BAB3A5ED5C5 /* Pods_YZCoderLearn.framework */,
			);
			name = Frameworks;
			sourceTree = "<group>";
		};
		7E44795922C605BC009B42F3 /* NewsController */ = {
			isa = PBXGroup;
			children = (
				7E44796422CB0C97009B42F3 /* View */,
				7E44796322CB0C5C009B42F3 /* Model */,
				7E44795B22C605FF009B42F3 /* Controller */,
				7E44795A22C605F0009B42F3 /* detail */,
			);
			path = NewsController;
			sourceTree = "<group>";
		};
		7E44795A22C605F0009B42F3 /* detail */ = {
			isa = PBXGroup;
			children = (
				7E157DEB22C3471900805FD5 /* GTDetailViewController.h */,
				7E157DEC22C3471900805FD5 /* GTDetailViewController.m */,
			);
			path = detail;
			sourceTree = "<group>";
		};
		7E44795B22C605FF009B42F3 /* Controller */ = {
			isa = PBXGroup;
			children = (
				7E7CBD78229E9F4A008DC9B5 /* GTNewsViewController.h */,
				7E7CBD79229E9F4A008DC9B5 /* GTNewsViewController.m */,
			);
			path = Controller;
			sourceTree = "<group>";
		};
		7E44796322CB0C5C009B42F3 /* Model */ = {
			isa = PBXGroup;
			children = (
				7E44795F22C9BB0D009B42F3 /* GTListLoader.h */,
				7E44796022C9BB0D009B42F3 /* GTListLoader.m */,
				7E44796822CB0D1C009B42F3 /* GTListItem.h */,
				7E44796922CB0D1C009B42F3 /* GTListItem.m */,
			);
			path = Model;
			sourceTree = "<group>";
		};
		7E44796422CB0C97009B42F3 /* View */ = {
			isa = PBXGroup;
			children = (
				7E1BA8CE22B0E0A800262010 /* GTNormalTableViewCell.h */,
				7E1BA8CF22B0E0A800262010 /* GTNormalTableViewCell.m */,
				7E157DEE22C4CAE800805FD5 /* GTDeleteCellView.h */,
				7E157DEF22C4CAE800805FD5 /* GTDeleteCellView.m */,
			);
			path = View;
			sourceTree = "<group>";
		};
		7E44796C22CCA8FE009B42F3 /* VideoController */ = {
			isa = PBXGroup;
			children = (
				7E1BA88422A8B1A500262010 /* GTVideoViewController.h */,
				7E1BA88522A8B1A500262010 /* GTVideoViewController.m */,
				7E2D95B922CCAB610076227F /* GTVideoCoverView.h */,
				7E2D95BA22CCAB610076227F /* GTVideoCoverView.m */,
				7E915AE622E93E6D0005B18D /* GTVideoPlayer.h */,
				7E915AE722E93E6D0005B18D /* GTVideoPlayer.m */,
				7E915AE922E9833A0005B18D /* GTVideoToolbar.h */,
				7E915AEA22E9833A0005B18D /* GTVideoToolbar.m */,
			);
			path = VideoController;
			sourceTree = "<group>";
		};
		7E7CBD69229E9F4A008DC9B5 = {
			isa = PBXGroup;
			children = (
				7E7CBD74229E9F4A008DC9B5 /* YZCoderLearn */,
				7E7CBD73229E9F4A008DC9B5 /* Products */,
				295308C199A52C822AE30685 /* Pods */,
				3AFE1596C2F8BB855D4F9CB4 /* Frameworks */,
			);
			sourceTree = "<group>";
		};
		7E7CBD73229E9F4A008DC9B5 /* Products */ = {
			isa = PBXGroup;
			children = (
				7E7CBD72229E9F4A008DC9B5 /* YZCoderLearn.app */,
			);
			name = Products;
			sourceTree = "<group>";
		};
		7E7CBD74229E9F4A008DC9B5 /* YZCoderLearn */ = {
			isa = PBXGroup;
			children = (
				7E44796C22CCA8FE009B42F3 /* VideoController */,
				7E44795922C605BC009B42F3 /* NewsController */,
				7E7CBD8F22A101E0008DC9B5 /* icon.bundle */,
				7E7CBD75229E9F4A008DC9B5 /* AppDelegate.h */,
				7E7CBD76229E9F4A008DC9B5 /* AppDelegate.m */,
				7E1BA8CB22AE35FB00262010 /* GTRecommendViewController.h */,
				7E1BA8CC22AE35FB00262010 /* GTRecommendViewController.m */,
				7E7CBD7E229E9F4D008DC9B5 /* Assets.xcassets */,
				7E7CBD80229E9F4D008DC9B5 /* LaunchScreen.storyboard */,
				7E7CBD83229E9F4D008DC9B5 /* Info.plist */,
				7E7CBD84229E9F4D008DC9B5 /* main.m */,
				7E615F0D2302FA0100B5F933 /* GTLocation.h */,
				7E615F0E2302FA0100B5F933 /* GTLocation.m */,
				7E615F102303A29500B5F933 /* GTNotification.h */,
				7E615F112303A29500B5F933 /* GTNotification.m */,
			);
			path = YZCoderLearn;
			sourceTree = "<group>";
		};
/* End PBXGroup section */

/* Begin PBXNativeTarget section */
		7E7CBD71229E9F4A008DC9B5 /* YZCoderLearn */ = {
			isa = PBXNativeTarget;
			buildConfigurationList = 7E7CBD88229E9F4D008DC9B5 /* Build configuration list for PBXNativeTarget "YZCoderLearn" */;
			buildPhases = (
				0756D4AC7F95BFA2B9F32DF3 /* [CP] Check Pods Manifest.lock */,
				7E7CBD6E229E9F4A008DC9B5 /* Sources */,
				7E7CBD6F229E9F4A008DC9B5 /* Frameworks */,
				7E7CBD70229E9F4A008DC9B5 /* Resources */,
				99A7DD0B2C408137EE87BE99 /* [CP] Embed Pods Frameworks */,
			);
			buildRules = (
			);
			dependencies = (
			);
			name = YZCoderLearn;
			productName = YZCoderLearn;
			productReference = 7E7CBD72229E9F4A008DC9B5 /* YZCoderLearn.app */;
			productType = "com.apple.product-type.application";
		};
/* End PBXNativeTarget section */

/* Begin PBXProject section */
		7E7CBD6A229E9F4A008DC9B5 /* Project object */ = {
			isa = PBXProject;
			attributes = {
				LastUpgradeCheck = 1020;
				ORGANIZATIONNAME = xinmei;
				TargetAttributes = {
					7E7CBD71229E9F4A008DC9B5 = {
						CreatedOnToolsVersion = 10.2.1;
					};
				};
			};
			buildConfigurationList = 7E7CBD6D229E9F4A008DC9B5 /* Build configuration list for PBXProject "YZCoderLearn" */;
			compatibilityVersion = "Xcode 9.3";
			developmentRegion = en;
			hasScannedForEncodings = 0;
			knownRegions = (
				en,
				Base,
			);
			mainGroup = 7E7CBD69229E9F4A008DC9B5;
			productRefGroup = 7E7CBD73229E9F4A008DC9B5 /* Products */;
			projectDirPath = "";
			projectRoot = "";
			targets = (
				7E7CBD71229E9F4A008DC9B5 /* YZCoderLearn */,
			);
		};
/* End PBXProject section */

/* Begin PBXResourcesBuildPhase section */
		7E7CBD70229E9F4A008DC9B5 /* Resources */ = {
			isa = PBXResourcesBuildPhase;
			buildActionMask = 2147483647;
			files = (
				7E7CBD9022A101E0008DC9B5 /* icon.bundle in Resources */,
				7E7CBD82229E9F4D008DC9B5 /* LaunchScreen.storyboard in Resources */,
				7E7CBD7F229E9F4D008DC9B5 /* Assets.xcassets in Resources */,
			);
			runOnlyForDeploymentPostprocessing = 0;
		};
/* End PBXResourcesBuildPhase section */

/* Begin PBXShellScriptBuildPhase section */
		0756D4AC7F95BFA2B9F32DF3 /* [CP] Check Pods Manifest.lock */ = {
			isa = PBXShellScriptBuildPhase;
			buildActionMask = 2147483647;
			files = (
			);
			inputFileListPaths = (
			);
			inputPaths = (
				"${PODS_PODFILE_DIR_PATH}/Podfile.lock",
				"${PODS_ROOT}/Manifest.lock",
			);
			name = "[CP] Check Pods Manifest.lock";
			outputFileListPaths = (
			);
			outputPaths = (
				"$(DERIVED_FILE_DIR)/Pods-YZCoderLearn-checkManifestLockResult.txt",
			);
			runOnlyForDeploymentPostprocessing = 0;
			shellPath = /bin/sh;
			shellScript = "diff \"${PODS_PODFILE_DIR_PATH}/Podfile.lock\" \"${PODS_ROOT}/Manifest.lock\" > /dev/null\nif [ $? != 0 ] ; then\n    # print error to STDERR\n    echo \"error: The sandbox is not in sync with the Podfile.lock. Run 'pod install' or update your CocoaPods installation.\" >&2\n    exit 1\nfi\n# This output is used by Xcode 'outputs' to avoid re-running this script phase.\necho \"SUCCESS\" > \"${SCRIPT_OUTPUT_FILE_0}\"\n";
			showEnvVarsInLog = 0;
		};
		99A7DD0B2C408137EE87BE99 /* [CP] Embed Pods Frameworks */ = {
			isa = PBXShellScriptBuildPhase;
			buildActionMask = 2147483647;
			files = (
			);
			inputFileListPaths = (
				"${PODS_ROOT}/Target Support Files/Pods-YZCoderLearn/Pods-YZCoderLearn-frameworks-${CONFIGURATION}-input-files.xcfilelist",
			);
			name = "[CP] Embed Pods Frameworks";
			outputFileListPaths = (
				"${PODS_ROOT}/Target Support Files/Pods-YZCoderLearn/Pods-YZCoderLearn-frameworks-${CONFIGURATION}-output-files.xcfilelist",
			);
			runOnlyForDeploymentPostprocessing = 0;
			shellPath = /bin/sh;
			shellScript = "\"${PODS_ROOT}/Target Support Files/Pods-YZCoderLearn/Pods-YZCoderLearn-frameworks.sh\"\n";
			showEnvVarsInLog = 0;
		};
/* End PBXShellScriptBuildPhase section */

/* Begin PBXSourcesBuildPhase section */
		7E7CBD6E229E9F4A008DC9B5 /* Sources */ = {
			isa = PBXSourcesBuildPhase;
			buildActionMask = 2147483647;
			files = (
				7E7CBD7A229E9F4A008DC9B5 /* GTNewsViewController.m in Sources */,
				7E915AE822E93E6D0005B18D /* GTVideoPlayer.m in Sources */,
				7E915AEB22E9833A0005B18D /* GTVideoToolbar.m in Sources */,
				7E615F122303A29500B5F933 /* GTNotification.m in Sources */,
				7E615F0F2302FA0100B5F933 /* GTLocation.m in Sources */,
				7E7CBD85229E9F4D008DC9B5 /* main.m in Sources */,
				7E7CBD77229E9F4A008DC9B5 /* AppDelegate.m in Sources */,
				7E1BA8D022B0E0A800262010 /* GTNormalTableViewCell.m in Sources */,
				7E2D95BB22CCAB610076227F /* GTVideoCoverView.m in Sources */,
				7E44796122C9BB0D009B42F3 /* GTListLoader.m in Sources */,
				7E157DED22C3471900805FD5 /* GTDetailViewController.m in Sources */,
				7E44796A22CB0D1C009B42F3 /* GTListItem.m in Sources */,
				7E1BA8CD22AE35FB00262010 /* GTRecommendViewController.m in Sources */,
				7E157DF022C4CAE800805FD5 /* GTDeleteCellView.m in Sources */,
				7E1BA88622A8B1A500262010 /* GTVideoViewController.m in Sources */,
			);
			runOnlyForDeploymentPostprocessing = 0;
		};
/* End PBXSourcesBuildPhase section */

/* Begin PBXVariantGroup section */
		7E7CBD80229E9F4D008DC9B5 /* LaunchScreen.storyboard */ = {
			isa = PBXVariantGroup;
			children = (
				7E7CBD81229E9F4D008DC9B5 /* Base */,
			);
			name = LaunchScreen.storyboard;
			sourceTree = "<group>";
		};
/* End PBXVariantGroup section */

/* Begin XCBuildConfiguration section */
		7E7CBD86229E9F4D008DC9B5 /* Debug */ = {
			isa = XCBuildConfiguration;
			buildSettings = {
				ALWAYS_SEARCH_USER_PATHS = NO;
				CLANG_ANALYZER_NONNULL = YES;
				CLANG_ANALYZER_NUMBER_OBJECT_CONVERSION = YES_AGGRESSIVE;
				CLANG_CXX_LANGUAGE_STANDARD = "gnu++14";
				CLANG_CXX_LIBRARY = "libc++";
				CLANG_ENABLE_MODULES = YES;
				CLANG_ENABLE_OBJC_ARC = YES;
				CLANG_ENABLE_OBJC_WEAK = YES;
				CLANG_WARN_BLOCK_CAPTURE_AUTORELEASING = YES;
				CLANG_WARN_BOOL_CONVERSION = YES;
				CLANG_WARN_COMMA = YES;
				CLANG_WARN_CONSTANT_CONVERSION = YES;
				CLANG_WARN_DEPRECATED_OBJC_IMPLEMENTATIONS = YES;
				CLANG_WARN_DIRECT_OBJC_ISA_USAGE = YES_ERROR;
				CLANG_WARN_DOCUMENTATION_COMMENTS = YES;
				CLANG_WARN_EMPTY_BODY = YES;
				CLANG_WARN_ENUM_CONVERSION = YES;
				CLANG_WARN_INFINITE_RECURSION = YES;
				CLANG_WARN_INT_CONVERSION = YES;
				CLANG_WARN_NON_LITERAL_NULL_CONVERSION = YES;
				CLANG_WARN_OBJC_IMPLICIT_RETAIN_SELF = YES;
				CLANG_WARN_OBJC_LITERAL_CONVERSION = YES;
				CLANG_WARN_OBJC_ROOT_CLASS = YES_ERROR;
				CLANG_WARN_RANGE_LOOP_ANALYSIS = YES;
				CLANG_WARN_STRICT_PROTOTYPES = YES;
				CLANG_WARN_SUSPICIOUS_MOVE = YES;
				CLANG_WARN_UNGUARDED_AVAILABILITY = YES_AGGRESSIVE;
				CLANG_WARN_UNREACHABLE_CODE = YES;
				CLANG_WARN__DUPLICATE_METHOD_MATCH = YES;
				CODE_SIGN_IDENTITY = "iPhone Developer";
				COPY_PHASE_STRIP = NO;
				DEBUG_INFORMATION_FORMAT = dwarf;
				ENABLE_STRICT_OBJC_MSGSEND = YES;
				ENABLE_TESTABILITY = YES;
				GCC_C_LANGUAGE_STANDARD = gnu11;
				GCC_DYNAMIC_NO_PIC = NO;
				GCC_NO_COMMON_BLOCKS = YES;
				GCC_OPTIMIZATION_LEVEL = 0;
				GCC_PREPROCESSOR_DEFINITIONS = (
					"DEBUG=1",
					"$(inherited)",
				);
				GCC_WARN_64_TO_32_BIT_CONVERSION = YES;
				GCC_WARN_ABOUT_RETURN_TYPE = YES_ERROR;
				GCC_WARN_UNDECLARED_SELECTOR = YES;
				GCC_WARN_UNINITIALIZED_AUTOS = YES_AGGRESSIVE;
				GCC_WARN_UNUSED_FUNCTION = YES;
				GCC_WARN_UNUSED_VARIABLE = YES;
				IPHONEOS_DEPLOYMENT_TARGET = 12.2;
				MTL_ENABLE_DEBUG_INFO = INCLUDE_SOURCE;
				MTL_FAST_MATH = YES;
				ONLY_ACTIVE_ARCH = YES;
				SDKROOT = iphoneos;
			};
			name = Debug;
		};
		7E7CBD87229E9F4D008DC9B5 /* Release */ = {
			isa = XCBuildConfiguration;
			buildSettings = {
				ALWAYS_SEARCH_USER_PATHS = NO;
				CLANG_ANALYZER_NONNULL = YES;
				CLANG_ANALYZER_NUMBER_OBJECT_CONVERSION = YES_AGGRESSIVE;
				CLANG_CXX_LANGUAGE_STANDARD = "gnu++14";
				CLANG_CXX_LIBRARY = "libc++";
				CLANG_ENABLE_MODULES = YES;
				CLANG_ENABLE_OBJC_ARC = YES;
				CLANG_ENABLE_OBJC_WEAK = YES;
				CLANG_WARN_BLOCK_CAPTURE_AUTORELEASING = YES;
				CLANG_WARN_BOOL_CONVERSION = YES;
				CLANG_WARN_COMMA = YES;
				CLANG_WARN_CONSTANT_CONVERSION = YES;
				CLANG_WARN_DEPRECATED_OBJC_IMPLEMENTATIONS = YES;
				CLANG_WARN_DIRECT_OBJC_ISA_USAGE = YES_ERROR;
				CLANG_WARN_DOCUMENTATION_COMMENTS = YES;
				CLANG_WARN_EMPTY_BODY = YES;
				CLANG_WARN_ENUM_CONVERSION = YES;
				CLANG_WARN_INFINITE_RECURSION = YES;
				CLANG_WARN_INT_CONVERSION = YES;
				CLANG_WARN_NON_LITERAL_NULL_CONVERSION = YES;
				CLANG_WARN_OBJC_IMPLICIT_RETAIN_SELF = YES;
				CLANG_WARN_OBJC_LITERAL_CONVERSION = YES;
				CLANG_WARN_OBJC_ROOT_CLASS = YES_ERROR;
				CLANG_WARN_RANGE_LOOP_ANALYSIS = YES;
				CLANG_WARN_STRICT_PROTOTYPES = YES;
				CLANG_WARN_SUSPICIOUS_MOVE = YES;
				CLANG_WARN_UNGUARDED_AVAILABILITY = YES_AGGRESSIVE;
				CLANG_WARN_UNREACHABLE_CODE = YES;
				CLANG_WARN__DUPLICATE_METHOD_MATCH = YES;
				CODE_SIGN_IDENTITY = "iPhone Developer";
				COPY_PHASE_STRIP = NO;
				DEBUG_INFORMATION_FORMAT = "dwarf-with-dsym";
				ENABLE_NS_ASSERTIONS = NO;
				ENABLE_STRICT_OBJC_MSGSEND = YES;
				GCC_C_LANGUAGE_STANDARD = gnu11;
				GCC_NO_COMMON_BLOCKS = YES;
				GCC_WARN_64_TO_32_BIT_CONVERSION = YES;
				GCC_WARN_ABOUT_RETURN_TYPE = YES_ERROR;
				GCC_WARN_UNDECLARED_SELECTOR = YES;
				GCC_WARN_UNINITIALIZED_AUTOS = YES_AGGRESSIVE;
				GCC_WARN_UNUSED_FUNCTION = YES;
				GCC_WARN_UNUSED_VARIABLE = YES;
				IPHONEOS_DEPLOYMENT_TARGET = 12.2;
				MTL_ENABLE_DEBUG_INFO = NO;
				MTL_FAST_MATH = YES;
				SDKROOT = iphoneos;
				VALIDATE_PRODUCT = YES;
			};
			name = Release;
		};
		7E7CBD89229E9F4D008DC9B5 /* Debug */ = {
			isa = XCBuildConfiguration;
			baseConfigurationReference = 7355840BFA2DA2D7974CCB35 /* Pods-YZCoderLearn.debug.xcconfig */;
			buildSettings = {
				ASSETCATALOG_COMPILER_APPICON_NAME = AppIcon;
				CODE_SIGN_STYLE = Automatic;
				DEVELOPMENT_TEAM = 344BN3S4Y9;
				INFOPLIST_FILE = YZCoderLearn/Info.plist;
				LD_RUNPATH_SEARCH_PATHS = (
					"$(inherited)",
					"@executable_path/Frameworks",
				);
				PRODUCT_BUNDLE_IDENTIFIER = com.xinmei.YZCoderLearn;
				PRODUCT_NAME = "$(TARGET_NAME)";
				TARGETED_DEVICE_FAMILY = "1,2";
			};
			name = Debug;
		};
		7E7CBD8A229E9F4D008DC9B5 /* Release */ = {
			isa = XCBuildConfiguration;
			baseConfigurationReference = 5B8A5FDDF04E62A70BF40FE0 /* Pods-YZCoderLearn.release.xcconfig */;
			buildSettings = {
				ASSETCATALOG_COMPILER_APPICON_NAME = AppIcon;
				CODE_SIGN_STYLE = Automatic;
				DEVELOPMENT_TEAM = 344BN3S4Y9;
				INFOPLIST_FILE = YZCoderLearn/Info.plist;
				LD_RUNPATH_SEARCH_PATHS = (
					"$(inherited)",
					"@executable_path/Frameworks",
				);
				PRODUCT_BUNDLE_IDENTIFIER = com.xinmei.YZCoderLearn;
				PRODUCT_NAME = "$(TARGET_NAME)";
				TARGETED_DEVICE_FAMILY = "1,2";
			};
			name = Release;
		};
/* End XCBuildConfiguration section */

/* Begin XCConfigurationList section */
		7E7CBD6D229E9F4A008DC9B5 /* Build configuration list for PBXProject "YZCoderLearn" */ = {
			isa = XCConfigurationList;
			buildConfigurations = (
				7E7CBD86229E9F4D008DC9B5 /* Debug */,
				7E7CBD87229E9F4D008DC9B5 /* Release */,
			);
			defaultConfigurationIsVisible = 0;
			defaultConfigurationName = Release;
		};
		7E7CBD88229E9F4D008DC9B5 /* Build configuration list for PBXNativeTarget "YZCoderLearn" */ = {
			isa = XCConfigurationList;
			buildConfigurations = (
				7E7CBD89229E9F4D008DC9B5 /* Debug */,
				7E7CBD8A229E9F4D008DC9B5 /* Release */,
			);
			defaultConfigurationIsVisible = 0;
			defaultConfigurationName = Release;
		};
/* End XCConfigurationList section */
	};
	rootObject = 7E7CBD6A229E9F4A008DC9B5 /* Project object */;
}
